
Microsoft Visual Studio Solution File, Format Version 12.00
# Visual Studio 2013
VisualStudioVersion = 12.0.31101.0
MinimumVisualStudioVersion = 10.0.40219.1
Project("{FAE04EC0-301F-11D3-BF4B-00C04F79EFBC}") = "GNaP.DependencyInjection.StructureMap", "GNaP.DependencyInjection.StructureMap\GNaP.DependencyInjection.StructureMap.csproj", "{CB76AB37-0C11-4363-803E-A7C3E3D0D2F0}"
EndProject
Project("{FAE04EC0-301F-11D3-BF4B-00C04F79EFBC}") = "GNaP.DependencyInjection.StructureMap.Web", "GNaP.DependencyInjection.StructureMap.Web\GNaP.DependencyInjection.StructureMap.Web.csproj", "{A1D93730-6F84-4927-9CC5-2819E040CBB6}"
EndProject
Project("{2150E333-8FDC-42A3-9474-1A3956D46DE8}") = "Configuration", "Configuration", "{F816D5A8-A02D-40DF-9192-05E3E31F3A1E}"
	ProjectSection(SolutionItems) = preProject
		..\.gitignore = ..\.gitignore
		CommonAssemblyInfo.cs = CommonAssemblyInfo.cs
		..\nupack.cmd = ..\nupack.cmd
		..\README.md = ..\README.md
	EndProjectSection
EndProject
Global
	GlobalSection(SolutionConfigurationPlatforms) = preSolution
		Debug|Any CPU = Debug|Any CPU
		Release|Any CPU = Release|Any CPU
	EndGlobalSection
	GlobalSection(ProjectConfigurationPlatforms) = postSolution
		{CB76AB37-0C11-4363-803E-A7C3E3D0D2F0}.Debug|Any CPU.ActiveCfg = Debug|Any CPU
		{CB76AB37-0C11-4363-803E-A7C3E3D0D2F0}.Debug|Any CPU.Build.0 = Debug|Any CPU
		{CB76AB37-0C11-4363-803E-A7C3E3D0D2F0}.Release|Any CPU.ActiveCfg = Release|Any CPU
		{CB76AB37-0C11-4363-803E-A7C3E3D0D2F0}.Release|Any CPU.Build.0 = Release|Any CPU
		{A1D93730-6F84-4927-9CC5-2819E040CBB6}.Debug|Any CPU.ActiveCfg = Debug|Any CPU
		{A1D93730-6F84-4927-9CC5-2819E040CBB6}.Debug|Any CPU.Build.0 = Debug|Any CPU
		{A1D93730-6F84-4927-9CC5-2819E040CBB6}.Release|Any CPU.ActiveCfg = Release|Any CPU
		{A1D93730-6F84-4927-9CC5-2819E040CBB6}.Release|Any CPU.Build.0 = Release|Any CPU
	EndGlobalSection
	GlobalSection(SolutionProperties) = preSolution
		HideSolutionNode = FALSE
	EndGlobalSection
EndGlobal
